// !$*UTF8*$!
{
	archiveVersion = 1;
	classes = {
	};
	objectVersion = 50;
	objects = {

/* Begin PBXBuildFile section */
		9A092369209D1E9A00B1119F /* icon.png in Resources */ = {isa = PBXBuildFile; fileRef = 9A092368209D1E9A00B1119F /* icon.png */; };
		9A25EBEF215561C2005C10F8 /* RemoteController.swift in Sources */ = {isa = PBXBuildFile; fileRef = 9A25EBEE215561C2005C10F8 /* RemoteController.swift */; };
		9AF7E6D2207C2BEF004E3727 /* AppDelegate.swift in Sources */ = {isa = PBXBuildFile; fileRef = 9AF7E6D1207C2BEF004E3727 /* AppDelegate.swift */; };
		9AF7E6D4207C2BEF004E3727 /* ViewController.swift in Sources */ = {isa = PBXBuildFile; fileRef = 9AF7E6D3207C2BEF004E3727 /* ViewController.swift */; };
		9AF7E6D6207C2BF0004E3727 /* Assets.xcassets in Resources */ = {isa = PBXBuildFile; fileRef = 9AF7E6D5207C2BF0004E3727 /* Assets.xcassets */; };
		9AF7E6D9207C2BF0004E3727 /* Main.storyboard in Resources */ = {isa = PBXBuildFile; fileRef = 9AF7E6D7207C2BF0004E3727 /* Main.storyboard */; };
		9AF7E6E5207C2BF1004E3727 /* MacmoteServerTests.swift in Sources */ = {isa = PBXBuildFile; fileRef = 9AF7E6E4207C2BF1004E3727 /* MacmoteServerTests.swift */; };
		9AF7E6F0207C2BF1004E3727 /* MacmoteServerUITests.swift in Sources */ = {isa = PBXBuildFile; fileRef = 9AF7E6EF207C2BF1004E3727 /* MacmoteServerUITests.swift */; };
		9AF7E6FE207C2C08004E3727 /*  RemoteServiceManager.swift in Sources */ = {isa = PBXBuildFile; fileRef = 9AF7E6FD207C2C07004E3727 /*  RemoteServiceManager.swift */; };
/* End PBXBuildFile section */

/* Begin PBXContainerItemProxy section */
		9AF7E6E1207C2BF1004E3727 /* PBXContainerItemProxy */ = {
			isa = PBXContainerItemProxy;
			containerPortal = 9AF7E6C6207C2BEF004E3727 /* Project object */;
			proxyType = 1;
			remoteGlobalIDString = 9AF7E6CD207C2BEF004E3727;
			remoteInfo = MacmoteServer;
		};
		9AF7E6EC207C2BF1004E3727 /* PBXContainerItemProxy */ = {
			isa = PBXContainerItemProxy;
			containerPortal = 9AF7E6C6207C2BEF004E3727 /* Project object */;
			proxyType = 1;
			remoteGlobalIDString = 9AF7E6CD207C2BEF004E3727;
			remoteInfo = MacmoteServer;
		};
/* End PBXContainerItemProxy section */

/* Begin PBXCopyFilesBuildPhase section */
		9ACF26792086744A00829533 /* Embed Frameworks */ = {
			isa = PBXCopyFilesBuildPhase;
			buildActionMask = 2147483647;
			dstPath = "";
			dstSubfolderSpec = 10;
			files = (
			);
			name = "Embed Frameworks";
			runOnlyForDeploymentPostprocessing = 0;
		};
/* End PBXCopyFilesBuildPhase section */

/* Begin PBXFileReference section */
		9A092368209D1E9A00B1119F /* icon.png */ = {isa = PBXFileReference; lastKnownFileType = image.png; path = icon.png; sourceTree = "<group>"; };
		9A25EBEE215561C2005C10F8 /* RemoteController.swift */ = {isa = PBXFileReference; lastKnownFileType = sourcecode.swift; path = RemoteController.swift; sourceTree = "<group>"; };
		9AF7E6CE207C2BEF004E3727 /* MacmoteServer.app */ = {isa = PBXFileReference; explicitFileType = wrapper.application; includeInIndex = 0; path = MacmoteServer.app; sourceTree = BUILT_PRODUCTS_DIR; };
		9AF7E6D1207C2BEF004E3727 /* AppDelegate.swift */ = {isa = PBXFileReference; lastKnownFileType = sourcecode.swift; path = AppDelegate.swift; sourceTree = "<group>"; };
		9AF7E6D3207C2BEF004E3727 /* ViewController.swift */ = {isa = PBXFileReference; lastKnownFileType = sourcecode.swift; path = ViewController.swift; sourceTree = "<group>"; };
		9AF7E6D5207C2BF0004E3727 /* Assets.xcassets */ = {isa = PBXFileReference; lastKnownFileType = folder.assetcatalog; path = Assets.xcassets; sourceTree = "<group>"; };
		9AF7E6D8207C2BF0004E3727 /* Base */ = {isa = PBXFileReference; lastKnownFileType = file.storyboard; name = Base; path = Base.lproj/Main.storyboard; sourceTree = "<group>"; };
		9AF7E6DA207C2BF0004E3727 /* Info.plist */ = {isa = PBXFileReference; lastKnownFileType = text.plist.xml; path = Info.plist; sourceTree = "<group>"; };
		9AF7E6DB207C2BF0004E3727 /* MacmoteServer.entitlements */ = {isa = PBXFileReference; lastKnownFileType = text.plist.entitlements; path = MacmoteServer.entitlements; sourceTree = "<group>"; };
		9AF7E6E0207C2BF1004E3727 /* MacmoteServerTests.xctest */ = {isa = PBXFileReference; explicitFileType = wrapper.cfbundle; includeInIndex = 0; path = MacmoteServerTests.xctest; sourceTree = BUILT_PRODUCTS_DIR; };
		9AF7E6E4207C2BF1004E3727 /* MacmoteServerTests.swift */ = {isa = PBXFileReference; lastKnownFileType = sourcecode.swift; path = MacmoteServerTests.swift; sourceTree = "<group>"; };
		9AF7E6E6207C2BF1004E3727 /* Info.plist */ = {isa = PBXFileReference; lastKnownFileType = text.plist.xml; path = Info.plist; sourceTree = "<group>"; };
		9AF7E6EB207C2BF1004E3727 /* MacmoteServerUITests.xctest */ = {isa = PBXFileReference; explicitFileType = wrapper.cfbundle; includeInIndex = 0; path = MacmoteServerUITests.xctest; sourceTree = BUILT_PRODUCTS_DIR; };
		9AF7E6EF207C2BF1004E3727 /* MacmoteServerUITests.swift */ = {isa = PBXFileReference; lastKnownFileType = sourcecode.swift; path = MacmoteServerUITests.swift; sourceTree = "<group>"; };
		9AF7E6F1207C2BF1004E3727 /* Info.plist */ = {isa = PBXFileReference; lastKnownFileType = text.plist.xml; path = Info.plist; sourceTree = "<group>"; };
		9AF7E6FD207C2C07004E3727 /*  RemoteServiceManager.swift */ = {isa = PBXFileReference; fileEncoding = 4; lastKnownFileType = sourcecode.swift; path = " RemoteServiceManager.swift"; sourceTree = "<group>"; };
/* End PBXFileReference section */

/* Begin PBXFrameworksBuildPhase section */
		9AF7E6CB207C2BEF004E3727 /* Frameworks */ = {
			isa = PBXFrameworksBuildPhase;
			buildActionMask = 2147483647;
			files = (
			);
			runOnlyForDeploymentPostprocessing = 0;
		};
		9AF7E6DD207C2BF1004E3727 /* Frameworks */ = {
			isa = PBXFrameworksBuildPhase;
			buildActionMask = 2147483647;
			files = (
			);
			runOnlyForDeploymentPostprocessing = 0;
		};
		9AF7E6E8207C2BF1004E3727 /* Frameworks */ = {
			isa = PBXFrameworksBuildPhase;
			buildActionMask = 2147483647;
			files = (
			);
			runOnlyForDeploymentPostprocessing = 0;
		};
/* End PBXFrameworksBuildPhase section */

/* Begin PBXGroup section */
		9AF7E6C5207C2BEF004E3727 = {
			isa = PBXGroup;
			children = (
				9A092368209D1E9A00B1119F /* icon.png */,
				9AF7E6D0207C2BEF004E3727 /* MacmoteServer */,
				9AF7E6E3207C2BF1004E3727 /* MacmoteServerTests */,
				9AF7E6EE207C2BF1004E3727 /* MacmoteServerUITests */,
				9AF7E6CF207C2BEF004E3727 /* Products */,
			);
			sourceTree = "<group>";
		};
		9AF7E6CF207C2BEF004E3727 /* Products */ = {
			isa = PBXGroup;
			children = (
				9AF7E6CE207C2BEF004E3727 /* MacmoteServer.app */,
				9AF7E6E0207C2BF1004E3727 /* MacmoteServerTests.xctest */,
				9AF7E6EB207C2BF1004E3727 /* MacmoteServerUITests.xctest */,
			);
			name = Products;
			sourceTree = "<group>";
		};
		9AF7E6D0207C2BEF004E3727 /* MacmoteServer */ = {
			isa = PBXGroup;
			children = (
				9AF7E6D1207C2BEF004E3727 /* AppDelegate.swift */,
				9AF7E6D3207C2BEF004E3727 /* ViewController.swift */,
				9AF7E6D5207C2BF0004E3727 /* Assets.xcassets */,
				9AF7E6D7207C2BF0004E3727 /* Main.storyboard */,
				9AF7E6DA207C2BF0004E3727 /* Info.plist */,
				9AF7E6DB207C2BF0004E3727 /* MacmoteServer.entitlements */,
				9AF7E6FD207C2C07004E3727 /*  RemoteServiceManager.swift */,
				9A25EBEE215561C2005C10F8 /* RemoteController.swift */,
			);
			path = MacmoteServer;
			sourceTree = "<group>";
		};
		9AF7E6E3207C2BF1004E3727 /* MacmoteServerTests */ = {
			isa = PBXGroup;
			children = (
				9AF7E6E4207C2BF1004E3727 /* MacmoteServerTests.swift */,
				9AF7E6E6207C2BF1004E3727 /* Info.plist */,
			);
			path = MacmoteServerTests;
			sourceTree = "<group>";
		};
		9AF7E6EE207C2BF1004E3727 /* MacmoteServerUITests */ = {
			isa = PBXGroup;
			children = (
				9AF7E6EF207C2BF1004E3727 /* MacmoteServerUITests.swift */,
				9AF7E6F1207C2BF1004E3727 /* Info.plist */,
			);
			path = MacmoteServerUITests;
			sourceTree = "<group>";
		};
/* End PBXGroup section */

/* Begin PBXNativeTarget section */
		9AF7E6CD207C2BEF004E3727 /* MacmoteServer */ = {
			isa = PBXNativeTarget;
			buildConfigurationList = 9AF7E6F4207C2BF1004E3727 /* Build configuration list for PBXNativeTarget "MacmoteServer" */;
			buildPhases = (
				9AF7E6CA207C2BEF004E3727 /* Sources */,
				9AF7E6CB207C2BEF004E3727 /* Frameworks */,
				9AF7E6CC207C2BEF004E3727 /* Resources */,
				9ACF26792086744A00829533 /* Embed Frameworks */,
			);
			buildRules = (
			);
			dependencies = (
			);
			name = MacmoteServer;
			productName = MacmoteServer;
			productReference = 9AF7E6CE207C2BEF004E3727 /* MacmoteServer.app */;
			productType = "com.apple.product-type.application";
		};
		9AF7E6DF207C2BF1004E3727 /* MacmoteServerTests */ = {
			isa = PBXNativeTarget;
			buildConfigurationList = 9AF7E6F7207C2BF1004E3727 /* Build configuration list for PBXNativeTarget "MacmoteServerTests" */;
			buildPhases = (
				9AF7E6DC207C2BF1004E3727 /* Sources */,
				9AF7E6DD207C2BF1004E3727 /* Frameworks */,
				9AF7E6DE207C2BF1004E3727 /* Resources */,
			);
			buildRules = (
			);
			dependencies = (
				9AF7E6E2207C2BF1004E3727 /* PBXTargetDependency */,
			);
			name = MacmoteServerTests;
			productName = MacmoteServerTests;
			productReference = 9AF7E6E0207C2BF1004E3727 /* MacmoteServerTests.xctest */;
			productType = "com.apple.product-type.bundle.unit-test";
		};
		9AF7E6EA207C2BF1004E3727 /* MacmoteServerUITests */ = {
			isa = PBXNativeTarget;
			buildConfigurationList = 9AF7E6FA207C2BF1004E3727 /* Build configuration list for PBXNativeTarget "MacmoteServerUITests" */;
			buildPhases = (
				9AF7E6E7207C2BF1004E3727 /* Sources */,
				9AF7E6E8207C2BF1004E3727 /* Frameworks */,
				9AF7E6E9207C2BF1004E3727 /* Resources */,
			);
			buildRules = (
			);
			dependencies = (
				9AF7E6ED207C2BF1004E3727 /* PBXTargetDependency */,
			);
			name = MacmoteServerUITests;
			productName = MacmoteServerUITests;
			productReference = 9AF7E6EB207C2BF1004E3727 /* MacmoteServerUITests.xctest */;
			productType = "com.apple.product-type.bundle.ui-testing";
		};
/* End PBXNativeTarget section */

/* Begin PBXProject section */
		9AF7E6C6207C2BEF004E3727 /* Project object */ = {
			isa = PBXProject;
			attributes = {
				LastSwiftUpdateCheck = 0930;
				LastUpgradeCheck = 0930;
				ORGANIZATIONNAME = "Griffin Prechter";
				TargetAttributes = {
					9AF7E6CD207C2BEF004E3727 = {
						CreatedOnToolsVersion = 9.3;
						LastSwiftMigration = 0930;
						SystemCapabilities = {
							com.apple.Sandbox = {
								enabled = 0;
							};
						};
					};
					9AF7E6DF207C2BF1004E3727 = {
						CreatedOnToolsVersion = 9.3;
						TestTargetID = 9AF7E6CD207C2BEF004E3727;
					};
					9AF7E6EA207C2BF1004E3727 = {
						CreatedOnToolsVersion = 9.3;
						TestTargetID = 9AF7E6CD207C2BEF004E3727;
					};
				};
			};
			buildConfigurationList = 9AF7E6C9207C2BEF004E3727 /* Build configuration list for PBXProject "MacmoteServer" */;
			compatibilityVersion = "Xcode 9.3";
			developmentRegion = en;
			hasScannedForEncodings = 0;
			knownRegions = (
				en,
				Base,
			);
			mainGroup = 9AF7E6C5207C2BEF004E3727;
			productRefGroup = 9AF7E6CF207C2BEF004E3727 /* Products */;
			projectDirPath = "";
			projectRoot = "";
			targets = (
				9AF7E6CD207C2BEF004E3727 /* MacmoteServer */,
				9AF7E6DF207C2BF1004E3727 /* MacmoteServerTests */,
				9AF7E6EA207C2BF1004E3727 /* MacmoteServerUITests */,
			);
		};
/* End PBXProject section */

/* Begin PBXResourcesBuildPhase section */
		9AF7E6CC207C2BEF004E3727 /* Resources */ = {
			isa = PBXResourcesBuildPhase;
			buildActionMask = 2147483647;
			files = (
				9AF7E6D6207C2BF0004E3727 /* Assets.xcassets in Resources */,
				9AF7E6D9207C2BF0004E3727 /* Main.storyboard in Resources */,
				9A092369209D1E9A00B1119F /* icon.png in Resources */,
			);
			runOnlyForDeploymentPostprocessing = 0;
		};
		9AF7E6DE207C2BF1004E3727 /* Resources */ = {
			isa = PBXResourcesBuildPhase;
			buildActionMask = 2147483647;
			files = (
			);
			runOnlyForDeploymentPostprocessing = 0;
		};
		9AF7E6E9207C2BF1004E3727 /* Resources */ = {
			isa = PBXResourcesBuildPhase;
			buildActionMask = 2147483647;
			files = (
			);
			runOnlyForDeploymentPostprocessing = 0;
		};
/* End PBXResourcesBuildPhase section */

/* Begin PBXSourcesBuildPhase section */
		9AF7E6CA207C2BEF004E3727 /* Sources */ = {
			isa = PBXSourcesBuildPhase;
			buildActionMask = 2147483647;
			files = (
				9AF7E6D4207C2BEF004E3727 /* ViewController.swift in Sources */,
				9A25EBEF215561C2005C10F8 /* RemoteController.swift in Sources */,
				9AF7E6D2207C2BEF004E3727 /* AppDelegate.swift in Sources */,
				9AF7E6FE207C2C08004E3727 /*  RemoteServiceManager.swift in Sources */,
			);
			runOnlyForDeploymentPostprocessing = 0;
		};
		9AF7E6DC207C2BF1004E3727 /* Sources */ = {
			isa = PBXSourcesBuildPhase;
			buildActionMask = 2147483647;
			files = (
				9AF7E6E5207C2BF1004E3727 /* MacmoteServerTests.swift in Sources */,
			);
			runOnlyForDeploymentPostprocessing = 0;
		};
		9AF7E6E7207C2BF1004E3727 /* Sources */ = {
			isa = PBXSourcesBuildPhase;
			buildActionMask = 2147483647;
			files = (
				9AF7E6F0207C2BF1004E3727 /* MacmoteServerUITests.swift in Sources */,
			);
			runOnlyForDeploymentPostprocessing = 0;
		};
/* End PBXSourcesBuildPhase section */

/* Begin PBXTargetDependency section */
		9AF7E6E2207C2BF1004E3727 /* PBXTargetDependency */ = {
			isa = PBXTargetDependency;
			target = 9AF7E6CD207C2BEF004E3727 /* MacmoteServer */;
			targetProxy = 9AF7E6E1207C2BF1004E3727 /* PBXContainerItemProxy */;
		};
		9AF7E6ED207C2BF1004E3727 /* PBXTargetDependency */ = {
			isa = PBXTargetDependency;
			target = 9AF7E6CD207C2BEF004E3727 /* MacmoteServer */;
			targetProxy = 9AF7E6EC207C2BF1004E3727 /* PBXContainerItemProxy */;
		};
/* End PBXTargetDependency section */

/* Begin PBXVariantGroup section */
		9AF7E6D7207C2BF0004E3727 /* Main.storyboard */ = {
			isa = PBXVariantGroup;
			children = (
				9AF7E6D8207C2BF0004E3727 /* Base */,
			);
			name = Main.storyboard;
			sourceTree = "<group>";
		};
/* End PBXVariantGroup section */

/* Begin XCBuildConfiguration section */
		9AF7E6F2207C2BF1004E3727 /* Debug */ = {
			isa = XCBuildConfiguration;
			buildSettings = {
				ALWAYS_SEARCH_USER_PATHS = NO;
				CLANG_ANALYZER_NONNULL = YES;
				CLANG_ANALYZER_NUMBER_OBJECT_CONVERSION = YES_AGGRESSIVE;
				CLANG_CXX_LANGUAGE_STANDARD = "gnu++14";
				CLANG_CXX_LIBRARY = "libc++";
				CLANG_ENABLE_MODULES = YES;
				CLANG_ENABLE_OBJC_ARC = YES;
				CLANG_ENABLE_OBJC_WEAK = YES;
				CLANG_WARN_BLOCK_CAPTURE_AUTORELEASING = YES;
				CLANG_WARN_BOOL_CONVERSION = YES;
				CLANG_WARN_COMMA = YES;
				CLANG_WARN_CONSTANT_CONVERSION = YES;
				CLANG_WARN_DEPRECATED_OBJC_IMPLEMENTATIONS = YES;
				CLANG_WARN_DIRECT_OBJC_ISA_USAGE = YES_ERROR;
				CLANG_WARN_DOCUMENTATION_COMMENTS = YES;
				CLANG_WARN_EMPTY_BODY = YES;
				CLANG_WARN_ENUM_CONVERSION = YES;
				CLANG_WARN_INFINITE_RECURSION = YES;
				CLANG_WARN_INT_CONVERSION = YES;
				CLANG_WARN_NON_LITERAL_NULL_CONVERSION = YES;
				CLANG_WARN_OBJC_IMPLICIT_RETAIN_SELF = YES;
				CLANG_WARN_OBJC_LITERAL_CONVERSION = YES;
				CLANG_WARN_OBJC_ROOT_CLASS = YES_ERROR;
				CLANG_WARN_RANGE_LOOP_ANALYSIS = YES;
				CLANG_WARN_STRICT_PROTOTYPES = YES;
				CLANG_WARN_SUSPICIOUS_MOVE = YES;
				CLANG_WARN_UNGUARDED_AVAILABILITY = YES_AGGRESSIVE;
				CLANG_WARN_UNREACHABLE_CODE = YES;
				CLANG_WARN__DUPLICATE_METHOD_MATCH = YES;
				CODE_SIGN_IDENTITY = "Mac Developer";
				COPY_PHASE_STRIP = NO;
				DEBUG_INFORMATION_FORMAT = dwarf;
				ENABLE_STRICT_OBJC_MSGSEND = YES;
				ENABLE_TESTABILITY = YES;
				GCC_C_LANGUAGE_STANDARD = gnu11;
				GCC_DYNAMIC_NO_PIC = NO;
				GCC_NO_COMMON_BLOCKS = YES;
				GCC_OPTIMIZATION_LEVEL = 0;
				GCC_PREPROCESSOR_DEFINITIONS = (
					"DEBUG=1",
					"$(inherited)",
				);
				GCC_WARN_64_TO_32_BIT_CONVERSION = YES;
				GCC_WARN_ABOUT_RETURN_TYPE = YES_ERROR;
				GCC_WARN_UNDECLARED_SELECTOR = YES;
				GCC_WARN_UNINITIALIZED_AUTOS = YES_AGGRESSIVE;
				GCC_WARN_UNUSED_FUNCTION = YES;
				GCC_WARN_UNUSED_VARIABLE = YES;
				MACOSX_DEPLOYMENT_TARGET = 10.13;
				MTL_ENABLE_DEBUG_INFO = YES;
				ONLY_ACTIVE_ARCH = YES;
				SDKROOT = macosx;
				SWIFT_ACTIVE_COMPILATION_CONDITIONS = DEBUG;
				SWIFT_OPTIMIZATION_LEVEL = "-Onone";
			};
			name = Debug;
		};
		9AF7E6F3207C2BF1004E3727 /* Release */ = {
			isa = XCBuildConfiguration;
			buildSettings = {
				ALWAYS_SEARCH_USER_PATHS = NO;
				CLANG_ANALYZER_NONNULL = YES;
				CLANG_ANALYZER_NUMBER_OBJECT_CONVERSION = YES_AGGRESSIVE;
				CLANG_CXX_LANGUAGE_STANDARD = "gnu++14";
				CLANG_CXX_LIBRARY = "libc++";
				CLANG_ENABLE_MODULES = YES;
				CLANG_ENABLE_OBJC_ARC = YES;
				CLANG_ENABLE_OBJC_WEAK = YES;
				CLANG_WARN_BLOCK_CAPTURE_AUTORELEASING = YES;
				CLANG_WARN_BOOL_CONVERSION = YES;
				CLANG_WARN_COMMA = YES;
				CLANG_WARN_CONSTANT_CONVERSION = YES;
				CLANG_WARN_DEPRECATED_OBJC_IMPLEMENTATIONS = YES;
				CLANG_WARN_DIRECT_OBJC_ISA_USAGE = YES_ERROR;
				CLANG_WARN_DOCUMENTATION_COMMENTS = YES;
				CLANG_WARN_EMPTY_BODY = YES;
				CLANG_WARN_ENUM_CONVERSION = YES;
				CLANG_WARN_INFINITE_RECURSION = YES;
				CLANG_WARN_INT_CONVERSION = YES;
				CLANG_WARN_NON_LITERAL_NULL_CONVERSION = YES;
				CLANG_WARN_OBJC_IMPLICIT_RETAIN_SELF = YES;
				CLANG_WARN_OBJC_LITERAL_CONVERSION = YES;
				CLANG_WARN_OBJC_ROOT_CLASS = YES_ERROR;
				CLANG_WARN_RANGE_LOOP_ANALYSIS = YES;
				CLANG_WARN_STRICT_PROTOTYPES = YES;
				CLANG_WARN_SUSPICIOUS_MOVE = YES;
				CLANG_WARN_UNGUARDED_AVAILABILITY = YES_AGGRESSIVE;
				CLANG_WARN_UNREACHABLE_CODE = YES;
				CLANG_WARN__DUPLICATE_METHOD_MATCH = YES;
				CODE_SIGN_IDENTITY = "Mac Developer";
				COPY_PHASE_STRIP = NO;
				DEBUG_INFORMATION_FORMAT = "dwarf-with-dsym";
				ENABLE_NS_ASSERTIONS = NO;
				ENABLE_STRICT_OBJC_MSGSEND = YES;
				GCC_C_LANGUAGE_STANDARD = gnu11;
				GCC_NO_COMMON_BLOCKS = YES;
				GCC_WARN_64_TO_32_BIT_CONVERSION = YES;
				GCC_WARN_ABOUT_RETURN_TYPE = YES_ERROR;
				GCC_WARN_UNDECLARED_SELECTOR = YES;
				GCC_WARN_UNINITIALIZED_AUTOS = YES_AGGRESSIVE;
				GCC_WARN_UNUSED_FUNCTION = YES;
				GCC_WARN_UNUSED_VARIABLE = YES;
				MACOSX_DEPLOYMENT_TARGET = 10.13;
				MTL_ENABLE_DEBUG_INFO = NO;
				SDKROOT = macosx;
				SWIFT_COMPILATION_MODE = wholemodule;
				SWIFT_OPTIMIZATION_LEVEL = "-O";
			};
			name = Release;
		};
		9AF7E6F5207C2BF1004E3727 /* Debug */ = {
			isa = XCBuildConfiguration;
			buildSettings = {
				ASSETCATALOG_COMPILER_APPICON_NAME = AppIcon;
				CLANG_ENABLE_MODULES = YES;
				CODE_SIGN_STYLE = Automatic;
				COMBINE_HIDPI_IMAGES = YES;
				DEVELOPMENT_TEAM = 8RQPS83LR8;
				FRAMEWORK_SEARCH_PATHS = (
					"$(inherited)",
					"$(PROJECT_DIR)/MacmoteServer",
					"$(PROJECT_DIR)",
				);
				INFOPLIST_FILE = MacmoteServer/Info.plist;
				LD_RUNPATH_SEARCH_PATHS = (
					"$(inherited)",
					"@executable_path/../Frameworks",
				);
				PRODUCT_BUNDLE_IDENTIFIER = gp.MacmoteServer;
				PRODUCT_NAME = "$(TARGET_NAME)";
				SWIFT_OPTIMIZATION_LEVEL = "-Onone";
				SWIFT_VERSION = 4.0;
			};
			name = Debug;
		};
		9AF7E6F6207C2BF1004E3727 /* Release */ = {
			isa = XCBuildConfiguration;
			buildSettings = {
				ASSETCATALOG_COMPILER_APPICON_NAME = AppIcon;
				CLANG_ENABLE_MODULES = YES;
				CODE_SIGN_STYLE = Automatic;
				COMBINE_HIDPI_IMAGES = YES;
				DEVELOPMENT_TEAM = 8RQPS83LR8;
				FRAMEWORK_SEARCH_PATHS = (
					"$(inherited)",
					"$(PROJECT_DIR)/MacmoteServer",
					"$(PROJECT_DIR)",
				);
				INFOPLIST_FILE = MacmoteServer/Info.plist;
				LD_RUNPATH_SEARCH_PATHS = (
					"$(inherited)",
					"@executable_path/../Frameworks",
				);
				PRODUCT_BUNDLE_IDENTIFIER = gp.MacmoteServer;
				PRODUCT_NAME = "$(TARGET_NAME)";
				SWIFT_VERSION = 4.0;
			};
			name = Release;
		};
		9AF7E6F8207C2BF1004E3727 /* Debug */ = {
			isa = XCBuildConfiguration;
			buildSettings = {
				ALWAYS_EMBED_SWIFT_STANDARD_LIBRARIES = YES;
				BUNDLE_LOADER = "$(TEST_HOST)";
				CODE_SIGN_STYLE = Automatic;
				COMBINE_HIDPI_IMAGES = YES;
				DEVELOPMENT_TEAM = 8RQPS83LR8;
				INFOPLIST_FILE = MacmoteServerTests/Info.plist;
				LD_RUNPATH_SEARCH_PATHS = (
					"$(inherited)",
					"@executable_path/../Frameworks",
					"@loader_path/../Frameworks",
				);
				PRODUCT_BUNDLE_IDENTIFIER = gp.MacmoteServerTests;
				PRODUCT_NAME = "$(TARGET_NAME)";
				SWIFT_VERSION = 4.0;
				TEST_HOST = "$(BUILT_PRODUCTS_DIR)/MacmoteServer.app/Contents/MacOS/MacmoteServer";
			};
			name = Debug;
		};
		9AF7E6F9207C2BF1004E3727 /* Release */ = {
			isa = XCBuildConfiguration;
			buildSettings = {
				ALWAYS_EMBED_SWIFT_STANDARD_LIBRARIES = YES;
				BUNDLE_LOADER = "$(TEST_HOST)";
				CODE_SIGN_STYLE = Automatic;
				COMBINE_HIDPI_IMAGES = YES;
				DEVELOPMENT_TEAM = 8RQPS83LR8;
				INFOPLIST_FILE = MacmoteServerTests/Info.plist;
				LD_RUNPATH_SEARCH_PATHS = (
					"$(inherited)",
					"@executable_path/../Frameworks",
					"@loader_path/../Frameworks",
				);
				PRODUCT_BUNDLE_IDENTIFIER = gp.MacmoteServerTests;
				PRODUCT_NAME = "$(TARGET_NAME)";
				SWIFT_VERSION = 4.0;
				TEST_HOST = "$(BUILT_PRODUCTS_DIR)/MacmoteServer.app/Contents/MacOS/MacmoteServer";
			};
			name = Release;
		};
		9AF7E6FB207C2BF1004E3727 /* Debug */ = {
			isa = XCBuildConfiguration;
			buildSettings = {
				ALWAYS_EMBED_SWIFT_STANDARD_LIBRARIES = YES;
				CODE_SIGN_STYLE = Automatic;
				COMBINE_HIDPI_IMAGES = YES;
				DEVELOPMENT_TEAM = 8RQPS83LR8;
				INFOPLIST_FILE = MacmoteServerUITests/Info.plist;
				LD_RUNPATH_SEARCH_PATHS = (
					"$(inherited)",
					"@executable_path/../Frameworks",
					"@loader_path/../Frameworks",
				);
				PRODUCT_BUNDLE_IDENTIFIER = gp.MacmoteServerUITests;
				PRODUCT_NAME = "$(TARGET_NAME)";
				SWIFT_VERSION = 4.0;
				TEST_TARGET_NAME = MacmoteServer;
			};
			name = Debug;
		};
		9AF7E6FC207C2BF1004E3727 /* Release */ = {
			isa = XCBuildConfiguration;
			buildSettings = {
				ALWAYS_EMBED_SWIFT_STANDARD_LIBRARIES = YES;
				CODE_SIGN_STYLE = Automatic;
				COMBINE_HIDPI_IMAGES = YES;
				DEVELOPMENT_TEAM = 8RQPS83LR8;
				INFOPLIST_FILE = MacmoteServerUITests/Info.plist;
				LD_RUNPATH_SEARCH_PATHS = (
					"$(inherited)",
					"@executable_path/../Frameworks",
					"@loader_path/../Frameworks",
				);
				PRODUCT_BUNDLE_IDENTIFIER = gp.MacmoteServerUITests;
				PRODUCT_NAME = "$(TARGET_NAME)";
				SWIFT_VERSION = 4.0;
				TEST_TARGET_NAME = MacmoteServer;
			};
			name = Release;
		};
/* End XCBuildConfiguration section */

/* Begin XCConfigurationList section */
		9AF7E6C9207C2BEF004E3727 /* Build configuration list for PBXProject "MacmoteServer" */ = {
			isa = XCConfigurationList;
			buildConfigurations = (
				9AF7E6F2207C2BF1004E3727 /* Debug */,
				9AF7E6F3207C2BF1004E3727 /* Release */,
			);
			defaultConfigurationIsVisible = 0;
			defaultConfigurationName = Release;
		};
		9AF7E6F4207C2BF1004E3727 /* Build configuration list for PBXNativeTarget "MacmoteServer" */ = {
			isa = XCConfigurationList;
			buildConfigurations = (
				9AF7E6F5207C2BF1004E3727 /* Debug */,
				9AF7E6F6207C2BF1004E3727 /* Release */,
			);
			defaultConfigurationIsVisible = 0;
			defaultConfigurationName = Release;
		};
		9AF7E6F7207C2BF1004E3727 /* Build configuration list for PBXNativeTarget "MacmoteServerTests" */ = {
			isa = XCConfigurationList;
			buildConfigurations = (
				9AF7E6F8207C2BF1004E3727 /* Debug */,
				9AF7E6F9207C2BF1004E3727 /* Release */,
			);
			defaultConfigurationIsVisible = 0;
			defaultConfigurationName = Release;
		};
		9AF7E6FA207C2BF1004E3727 /* Build configuration list for PBXNativeTarget "MacmoteServerUITests" */ = {
			isa = XCConfigurationList;
			buildConfigurations = (
				9AF7E6FB207C2BF1004E3727 /* Debug */,
				9AF7E6FC207C2BF1004E3727 /* Release */,
			);
			defaultConfigurationIsVisible = 0;
			defaultConfigurationName = Release;
		};
/* End XCConfigurationList section */
	};
	rootObject = 9AF7E6C6207C2BEF004E3727 /* Project object */;
}
